PODS:
  - Flutter (1.0.0)
  - vungle (6.9.2):
    - Flutter
    - VungleSDK-iOS (~> 6.9.2)
  - VungleSDK-iOS (6.9.2)

DEPENDENCIES:
  - Flutter (from `Flutter`)
  - vungle (from `.symlinks/plugins/vungle/ios`)

SPEC REPOS:
  trunk:
    - VungleSDK-iOS

EXTERNAL SOURCES:
  Flutter:
    :path: Flutter
  vungle:
    :path: ".symlinks/plugins/vungle/ios"

SPEC CHECKSUMS:
  Flutter: 434fef37c0980e73bb6479ef766c45957d4b510c
  vungle: 81d97fb487b71c5908d3b0d9e0dfa0491050341d
  VungleSDK-iOS: f9dbcb5dde6036d424c29fbdd43159b1be19bdbd

PODFILE CHECKSUM: aafe91acc616949ddb318b77800a7f51bffa2a4c

COCOAPODS: 1.10.1
